
Microsoft Visual Studio Solution File, Format Version 12.00
# Visual Studio 15
VisualStudioVersion = 15.0.26124.0
MinimumVisualStudioVersion = 15.0.26124.0
Project("{2150E333-8FDC-42A3-9474-1A3956D46DE8}") = "src", "src", "{56BF0331-76A3-4951-AA45-490283DEA8AD}"
EndProject
Project("{FAE04EC0-301F-11D3-BF4B-00C04F79EFBC}") = "BookStore.Domain.Core", "src\BookStore.Domain.Core\BookStore.Domain.Core.csproj", "{97AB55A2-5A94-41E7-B3EF-4CC63EA2858F}"
EndProject
Project("{FAE04EC0-301F-11D3-BF4B-00C04F79EFBC}") = "BookStore.Domain", "src\BookStore.Domain\BookStore.Domain.csproj", "{ED1A0FEB-D9C7-40D7-AE05-84E76425366B}"
EndProject
Project("{FAE04EC0-301F-11D3-BF4B-00C04F79EFBC}") = "BookStore.Infrastructure.Data", "src\BookStore.Infrastructure.Data\BookStore.Infrastructure.Data.csproj", "{76EAA702-1B11-4469-ADE9-3AC1EEDBE08A}"
EndProject
Project("{FAE04EC0-301F-11D3-BF4B-00C04F79EFBC}") = "BookStore.Application", "src\BookStore.Application\BookStore.Application.csproj", "{584E2AB7-29DE-4954-A1F5-88B947FE8E4F}"
EndProject
Project("{FAE04EC0-301F-11D3-BF4B-00C04F79EFBC}") = "BookStore.API", "src\BookStore.API\BookStore.API.csproj", "{F86D622D-D990-4469-858C-722232DC6952}"
EndProject
Project("{FAE04EC0-301F-11D3-BF4B-00C04F79EFBC}") = "BookStore.Infrastructure.Bus", "src\BookStore.Infrastructure.Bus\BookStore.Infrastructure.Bus.csproj", "{A8E450A2-C67B-4B6C-8583-6F48527FDA39}"
EndProject
Project("{FAE04EC0-301F-11D3-BF4B-00C04F79EFBC}") = "BookStore.Infrastructure.IoC", "src\BookStore.Infrastructure.IoC\BookStore.Infrastructure.IoC.csproj", "{91305553-0C4E-4D4D-82FF-8ECBB4F43A49}"
EndProject
Global
	GlobalSection(SolutionConfigurationPlatforms) = preSolution
		Debug|Any CPU = Debug|Any CPU
		Debug|x64 = Debug|x64
		Debug|x86 = Debug|x86
		Release|Any CPU = Release|Any CPU
		Release|x64 = Release|x64
		Release|x86 = Release|x86
	EndGlobalSection
	GlobalSection(SolutionProperties) = preSolution
		HideSolutionNode = FALSE
	EndGlobalSection
	GlobalSection(ProjectConfigurationPlatforms) = postSolution
		{97AB55A2-5A94-41E7-B3EF-4CC63EA2858F}.Debug|Any CPU.ActiveCfg = Debug|Any CPU
		{97AB55A2-5A94-41E7-B3EF-4CC63EA2858F}.Debug|Any CPU.Build.0 = Debug|Any CPU
		{97AB55A2-5A94-41E7-B3EF-4CC63EA2858F}.Debug|x64.ActiveCfg = Debug|Any CPU
		{97AB55A2-5A94-41E7-B3EF-4CC63EA2858F}.Debug|x64.Build.0 = Debug|Any CPU
		{97AB55A2-5A94-41E7-B3EF-4CC63EA2858F}.Debug|x86.ActiveCfg = Debug|Any CPU
		{97AB55A2-5A94-41E7-B3EF-4CC63EA2858F}.Debug|x86.Build.0 = Debug|Any CPU
		{97AB55A2-5A94-41E7-B3EF-4CC63EA2858F}.Release|Any CPU.ActiveCfg = Release|Any CPU
		{97AB55A2-5A94-41E7-B3EF-4CC63EA2858F}.Release|Any CPU.Build.0 = Release|Any CPU
		{97AB55A2-5A94-41E7-B3EF-4CC63EA2858F}.Release|x64.ActiveCfg = Release|Any CPU
		{97AB55A2-5A94-41E7-B3EF-4CC63EA2858F}.Release|x64.Build.0 = Release|Any CPU
		{97AB55A2-5A94-41E7-B3EF-4CC63EA2858F}.Release|x86.ActiveCfg = Release|Any CPU
		{97AB55A2-5A94-41E7-B3EF-4CC63EA2858F}.Release|x86.Build.0 = Release|Any CPU
		{ED1A0FEB-D9C7-40D7-AE05-84E76425366B}.Debug|Any CPU.ActiveCfg = Debug|Any CPU
		{ED1A0FEB-D9C7-40D7-AE05-84E76425366B}.Debug|Any CPU.Build.0 = Debug|Any CPU
		{ED1A0FEB-D9C7-40D7-AE05-84E76425366B}.Debug|x64.ActiveCfg = Debug|Any CPU
		{ED1A0FEB-D9C7-40D7-AE05-84E76425366B}.Debug|x64.Build.0 = Debug|Any CPU
		{ED1A0FEB-D9C7-40D7-AE05-84E76425366B}.Debug|x86.ActiveCfg = Debug|Any CPU
		{ED1A0FEB-D9C7-40D7-AE05-84E76425366B}.Debug|x86.Build.0 = Debug|Any CPU
		{ED1A0FEB-D9C7-40D7-AE05-84E76425366B}.Release|Any CPU.ActiveCfg = Release|Any CPU
		{ED1A0FEB-D9C7-40D7-AE05-84E76425366B}.Release|Any CPU.Build.0 = Release|Any CPU
		{ED1A0FEB-D9C7-40D7-AE05-84E76425366B}.Release|x64.ActiveCfg = Release|Any CPU
		{ED1A0FEB-D9C7-40D7-AE05-84E76425366B}.Release|x64.Build.0 = Release|Any CPU
		{ED1A0FEB-D9C7-40D7-AE05-84E76425366B}.Release|x86.ActiveCfg = Release|Any CPU
		{ED1A0FEB-D9C7-40D7-AE05-84E76425366B}.Release|x86.Build.0 = Release|Any CPU
		{76EAA702-1B11-4469-ADE9-3AC1EEDBE08A}.Debug|Any CPU.ActiveCfg = Debug|Any CPU
		{76EAA702-1B11-4469-ADE9-3AC1EEDBE08A}.Debug|Any CPU.Build.0 = Debug|Any CPU
		{76EAA702-1B11-4469-ADE9-3AC1EEDBE08A}.Debug|x64.ActiveCfg = Debug|Any CPU
		{76EAA702-1B11-4469-ADE9-3AC1EEDBE08A}.Debug|x64.Build.0 = Debug|Any CPU
		{76EAA702-1B11-4469-ADE9-3AC1EEDBE08A}.Debug|x86.ActiveCfg = Debug|Any CPU
		{76EAA702-1B11-4469-ADE9-3AC1EEDBE08A}.Debug|x86.Build.0 = Debug|Any CPU
		{76EAA702-1B11-4469-ADE9-3AC1EEDBE08A}.Release|Any CPU.ActiveCfg = Release|Any CPU
		{76EAA702-1B11-4469-ADE9-3AC1EEDBE08A}.Release|Any CPU.Build.0 = Release|Any CPU
		{76EAA702-1B11-4469-ADE9-3AC1EEDBE08A}.Release|x64.ActiveCfg = Release|Any CPU
		{76EAA702-1B11-4469-ADE9-3AC1EEDBE08A}.Release|x64.Build.0 = Release|Any CPU
		{76EAA702-1B11-4469-ADE9-3AC1EEDBE08A}.Release|x86.ActiveCfg = Release|Any CPU
		{76EAA702-1B11-4469-ADE9-3AC1EEDBE08A}.Release|x86.Build.0 = Release|Any CPU
		{016AB468-D922-442F-A41B-18F40697F971}.Debug|Any CPU.ActiveCfg = Debug|Any CPU
		{016AB468-D922-442F-A41B-18F40697F971}.Debug|Any CPU.Build.0 = Debug|Any CPU
		{016AB468-D922-442F-A41B-18F40697F971}.Debug|x64.ActiveCfg = Debug|Any CPU
		{016AB468-D922-442F-A41B-18F40697F971}.Debug|x64.Build.0 = Debug|Any CPU
		{016AB468-D922-442F-A41B-18F40697F971}.Debug|x86.ActiveCfg = Debug|Any CPU
		{016AB468-D922-442F-A41B-18F40697F971}.Debug|x86.Build.0 = Debug|Any CPU
		{016AB468-D922-442F-A41B-18F40697F971}.Release|Any CPU.ActiveCfg = Release|Any CPU
		{016AB468-D922-442F-A41B-18F40697F971}.Release|Any CPU.Build.0 = Release|Any CPU
		{016AB468-D922-442F-A41B-18F40697F971}.Release|x64.ActiveCfg = Release|Any CPU
		{016AB468-D922-442F-A41B-18F40697F971}.Release|x64.Build.0 = Release|Any CPU
		{016AB468-D922-442F-A41B-18F40697F971}.Release|x86.ActiveCfg = Release|Any CPU
		{016AB468-D922-442F-A41B-18F40697F971}.Release|x86.Build.0 = Release|Any CPU
		{584E2AB7-29DE-4954-A1F5-88B947FE8E4F}.Debug|Any CPU.ActiveCfg = Debug|Any CPU
		{584E2AB7-29DE-4954-A1F5-88B947FE8E4F}.Debug|Any CPU.Build.0 = Debug|Any CPU
		{584E2AB7-29DE-4954-A1F5-88B947FE8E4F}.Debug|x64.ActiveCfg = Debug|Any CPU
		{584E2AB7-29DE-4954-A1F5-88B947FE8E4F}.Debug|x64.Build.0 = Debug|Any CPU
		{584E2AB7-29DE-4954-A1F5-88B947FE8E4F}.Debug|x86.ActiveCfg = Debug|Any CPU
		{584E2AB7-29DE-4954-A1F5-88B947FE8E4F}.Debug|x86.Build.0 = Debug|Any CPU
		{584E2AB7-29DE-4954-A1F5-88B947FE8E4F}.Release|Any CPU.ActiveCfg = Release|Any CPU
		{584E2AB7-29DE-4954-A1F5-88B947FE8E4F}.Release|Any CPU.Build.0 = Release|Any CPU
		{584E2AB7-29DE-4954-A1F5-88B947FE8E4F}.Release|x64.ActiveCfg = Release|Any CPU
		{584E2AB7-29DE-4954-A1F5-88B947FE8E4F}.Release|x64.Build.0 = Release|Any CPU
		{584E2AB7-29DE-4954-A1F5-88B947FE8E4F}.Release|x86.ActiveCfg = Release|Any CPU
		{584E2AB7-29DE-4954-A1F5-88B947FE8E4F}.Release|x86.Build.0 = Release|Any CPU
		{F86D622D-D990-4469-858C-722232DC6952}.Debug|Any CPU.ActiveCfg = Debug|Any CPU
		{F86D622D-D990-4469-858C-722232DC6952}.Debug|Any CPU.Build.0 = Debug|Any CPU
		{F86D622D-D990-4469-858C-722232DC6952}.Debug|x64.ActiveCfg = Debug|Any CPU
		{F86D622D-D990-4469-858C-722232DC6952}.Debug|x64.Build.0 = Debug|Any CPU
		{F86D622D-D990-4469-858C-722232DC6952}.Debug|x86.ActiveCfg = Debug|Any CPU
		{F86D622D-D990-4469-858C-722232DC6952}.Debug|x86.Build.0 = Debug|Any CPU
		{F86D622D-D990-4469-858C-722232DC6952}.Release|Any CPU.ActiveCfg = Release|Any CPU
		{F86D622D-D990-4469-858C-722232DC6952}.Release|Any CPU.Build.0 = Release|Any CPU
		{F86D622D-D990-4469-858C-722232DC6952}.Release|x64.ActiveCfg = Release|Any CPU
		{F86D622D-D990-4469-858C-722232DC6952}.Release|x64.Build.0 = Release|Any CPU
		{F86D622D-D990-4469-858C-722232DC6952}.Release|x86.ActiveCfg = Release|Any CPU
		{F86D622D-D990-4469-858C-722232DC6952}.Release|x86.Build.0 = Release|Any CPU
		{A8E450A2-C67B-4B6C-8583-6F48527FDA39}.Debug|Any CPU.ActiveCfg = Debug|Any CPU
		{A8E450A2-C67B-4B6C-8583-6F48527FDA39}.Debug|Any CPU.Build.0 = Debug|Any CPU
		{A8E450A2-C67B-4B6C-8583-6F48527FDA39}.Debug|x64.ActiveCfg = Debug|Any CPU
		{A8E450A2-C67B-4B6C-8583-6F48527FDA39}.Debug|x64.Build.0 = Debug|Any CPU
		{A8E450A2-C67B-4B6C-8583-6F48527FDA39}.Debug|x86.ActiveCfg = Debug|Any CPU
		{A8E450A2-C67B-4B6C-8583-6F48527FDA39}.Debug|x86.Build.0 = Debug|Any CPU
		{A8E450A2-C67B-4B6C-8583-6F48527FDA39}.Release|Any CPU.ActiveCfg = Release|Any CPU
		{A8E450A2-C67B-4B6C-8583-6F48527FDA39}.Release|Any CPU.Build.0 = Release|Any CPU
		{A8E450A2-C67B-4B6C-8583-6F48527FDA39}.Release|x64.ActiveCfg = Release|Any CPU
		{A8E450A2-C67B-4B6C-8583-6F48527FDA39}.Release|x64.Build.0 = Release|Any CPU
		{A8E450A2-C67B-4B6C-8583-6F48527FDA39}.Release|x86.ActiveCfg = Release|Any CPU
		{A8E450A2-C67B-4B6C-8583-6F48527FDA39}.Release|x86.Build.0 = Release|Any CPU
		{91305553-0C4E-4D4D-82FF-8ECBB4F43A49}.Debug|Any CPU.ActiveCfg = Debug|Any CPU
		{91305553-0C4E-4D4D-82FF-8ECBB4F43A49}.Debug|Any CPU.Build.0 = Debug|Any CPU
		{91305553-0C4E-4D4D-82FF-8ECBB4F43A49}.Debug|x64.ActiveCfg = Debug|Any CPU
		{91305553-0C4E-4D4D-82FF-8ECBB4F43A49}.Debug|x64.Build.0 = Debug|Any CPU
		{91305553-0C4E-4D4D-82FF-8ECBB4F43A49}.Debug|x86.ActiveCfg = Debug|Any CPU
		{91305553-0C4E-4D4D-82FF-8ECBB4F43A49}.Debug|x86.Build.0 = Debug|Any CPU
		{91305553-0C4E-4D4D-82FF-8ECBB4F43A49}.Release|Any CPU.ActiveCfg = Release|Any CPU
		{91305553-0C4E-4D4D-82FF-8ECBB4F43A49}.Release|Any CPU.Build.0 = Release|Any CPU
		{91305553-0C4E-4D4D-82FF-8ECBB4F43A49}.Release|x64.ActiveCfg = Release|Any CPU
		{91305553-0C4E-4D4D-82FF-8ECBB4F43A49}.Release|x64.Build.0 = Release|Any CPU
		{91305553-0C4E-4D4D-82FF-8ECBB4F43A49}.Release|x86.ActiveCfg = Release|Any CPU
		{91305553-0C4E-4D4D-82FF-8ECBB4F43A49}.Release|x86.Build.0 = Release|Any CPU
	EndGlobalSection
	GlobalSection(NestedProjects) = preSolution
		{97AB55A2-5A94-41E7-B3EF-4CC63EA2858F} = {56BF0331-76A3-4951-AA45-490283DEA8AD}
		{ED1A0FEB-D9C7-40D7-AE05-84E76425366B} = {56BF0331-76A3-4951-AA45-490283DEA8AD}
		{76EAA702-1B11-4469-ADE9-3AC1EEDBE08A} = {56BF0331-76A3-4951-AA45-490283DEA8AD}
		{016AB468-D922-442F-A41B-18F40697F971} = {56BF0331-76A3-4951-AA45-490283DEA8AD}
		{584E2AB7-29DE-4954-A1F5-88B947FE8E4F} = {56BF0331-76A3-4951-AA45-490283DEA8AD}
		{F86D622D-D990-4469-858C-722232DC6952} = {56BF0331-76A3-4951-AA45-490283DEA8AD}
		{A8E450A2-C67B-4B6C-8583-6F48527FDA39} = {56BF0331-76A3-4951-AA45-490283DEA8AD}
		{91305553-0C4E-4D4D-82FF-8ECBB4F43A49} = {56BF0331-76A3-4951-AA45-490283DEA8AD}
	EndGlobalSection
EndGlobal
